
Microsoft Visual Studio Solution File, Format Version 12.00
# Visual Studio Version 17
VisualStudioVersion = 17.11.35312.102
MinimumVisualStudioVersion = 10.0.40219.1
Project("{FAE04EC0-301F-11D3-BF4B-00C04F79EFBC}") = "Mildgames", "Mildgames\Mildgames.csproj", "{241CE730-5A2B-4E6F-99C7-C71AABE2449F}"
EndProject
Global
	GlobalSection(SolutionConfigurationPlatforms) = preSolution
		Debug|Any CPU = Debug|Any CPU
		Release|Any CPU = Release|Any CPU
	EndGlobalSection
	GlobalSection(ProjectConfigurationPlatforms) = postSolution
		{241CE730-5A2B-4E6F-99C7-C71AABE2449F}.Debug|Any CPU.ActiveCfg = Debug|Any CPU
		{241CE730-5A2B-4E6F-99C7-C71AABE2449F}.Debug|Any CPU.Build.0 = Debug|Any CPU
		{241CE730-5A2B-4E6F-99C7-C71AABE2449F}.Release|Any CPU.ActiveCfg = Release|Any CPU
		{241CE730-5A2B-4E6F-99C7-C71AABE2449F}.Release|Any CPU.Build.0 = Release|Any CPU
	EndGlobalSection
	GlobalSection(SolutionProperties) = preSolution
		HideSolutionNode = FALSE
	EndGlobalSection
	GlobalSection(ExtensibilityGlobals) = postSolution
		SolutionGuid = {617E42BC-9D52-4A50-9D5F-05EABC6A8108}
	EndGlobalSection
EndGlobal
