
Microsoft Visual Studio Solution File, Format Version 12.00
# Visual Studio Version 17
VisualStudioVersion = 17.11.35327.3
MinimumVisualStudioVersion = 10.0.40219.1
Project("{9A19103F-16F7-4668-BE54-9A1E7A4F7556}") = "Assisnment", "Assisnment\Assisnment.csproj", "{526BE3FE-1FEF-4E71-9F79-75D2141319F1}"
EndProject
Project("{FAE04EC0-301F-11D3-BF4B-00C04F79EFBC}") = "task2", "task2\task2.csproj", "{CAB50610-BF71-4E23-84BF-F05CB53C7C7C}"
EndProject
Project("{FAE04EC0-301F-11D3-BF4B-00C04F79EFBC}") = "task3", "task3\task3.csproj", "{875C8B4B-5129-42C6-BE70-51EA1D01175A}"
EndProject
Project("{FAE04EC0-301F-11D3-BF4B-00C04F79EFBC}") = "stringmethods", "stringmethods\stringmethods.csproj", "{8C9A31F0-0791-4148-A62E-0B243D43AA2E}"
EndProject
Project("{FAE04EC0-301F-11D3-BF4B-00C04F79EFBC}") = "CompareTo", "CompareTo\CompareTo.csproj", "{15073615-6474-4C0E-855A-93566184BC5D}"
EndProject
Global
	GlobalSection(SolutionConfigurationPlatforms) = preSolution
		Debug|Any CPU = Debug|Any CPU
		Release|Any CPU = Release|Any CPU
	EndGlobalSection
	GlobalSection(ProjectConfigurationPlatforms) = postSolution
		{526BE3FE-1FEF-4E71-9F79-75D2141319F1}.Debug|Any CPU.ActiveCfg = Debug|Any CPU
		{526BE3FE-1FEF-4E71-9F79-75D2141319F1}.Debug|Any CPU.Build.0 = Debug|Any CPU
		{526BE3FE-1FEF-4E71-9F79-75D2141319F1}.Release|Any CPU.ActiveCfg = Release|Any CPU
		{526BE3FE-1FEF-4E71-9F79-75D2141319F1}.Release|Any CPU.Build.0 = Release|Any CPU
		{CAB50610-BF71-4E23-84BF-F05CB53C7C7C}.Debug|Any CPU.ActiveCfg = Debug|Any CPU
		{CAB50610-BF71-4E23-84BF-F05CB53C7C7C}.Debug|Any CPU.Build.0 = Debug|Any CPU
		{CAB50610-BF71-4E23-84BF-F05CB53C7C7C}.Release|Any CPU.ActiveCfg = Release|Any CPU
		{CAB50610-BF71-4E23-84BF-F05CB53C7C7C}.Release|Any CPU.Build.0 = Release|Any CPU
		{875C8B4B-5129-42C6-BE70-51EA1D01175A}.Debug|Any CPU.ActiveCfg = Debug|Any CPU
		{875C8B4B-5129-42C6-BE70-51EA1D01175A}.Debug|Any CPU.Build.0 = Debug|Any CPU
		{875C8B4B-5129-42C6-BE70-51EA1D01175A}.Release|Any CPU.ActiveCfg = Release|Any CPU
		{875C8B4B-5129-42C6-BE70-51EA1D01175A}.Release|Any CPU.Build.0 = Release|Any CPU
		{8C9A31F0-0791-4148-A62E-0B243D43AA2E}.Debug|Any CPU.ActiveCfg = Debug|Any CPU
		{8C9A31F0-0791-4148-A62E-0B243D43AA2E}.Debug|Any CPU.Build.0 = Debug|Any CPU
		{8C9A31F0-0791-4148-A62E-0B243D43AA2E}.Release|Any CPU.ActiveCfg = Release|Any CPU
		{8C9A31F0-0791-4148-A62E-0B243D43AA2E}.Release|Any CPU.Build.0 = Release|Any CPU
		{15073615-6474-4C0E-855A-93566184BC5D}.Debug|Any CPU.ActiveCfg = Debug|Any CPU
		{15073615-6474-4C0E-855A-93566184BC5D}.Debug|Any CPU.Build.0 = Debug|Any CPU
		{15073615-6474-4C0E-855A-93566184BC5D}.Release|Any CPU.ActiveCfg = Release|Any CPU
		{15073615-6474-4C0E-855A-93566184BC5D}.Release|Any CPU.Build.0 = Release|Any CPU
	EndGlobalSection
	GlobalSection(SolutionProperties) = preSolution
		HideSolutionNode = FALSE
	EndGlobalSection
	GlobalSection(ExtensibilityGlobals) = postSolution
		SolutionGuid = {DFA51C70-E49E-4379-AC95-64B2AD604F58}
	EndGlobalSection
EndGlobal
