
Microsoft Visual Studio Solution File, Format Version 12.00
# Visual Studio Version 17
VisualStudioVersion = 17.11.35431.28
MinimumVisualStudioVersion = 10.0.40219.1
Project("{FAE04EC0-301F-11D3-BF4B-00C04F79EFBC}") = "eFclass.DataAccess", "eFclass.DataAccess\eFclass.DataAccess.csproj", "{C717A783-E92F-45E6-AAD6-ED5E0B99EABB}"
EndProject
Project("{FAE04EC0-301F-11D3-BF4B-00C04F79EFBC}") = "eFclass.Managers", "eFclass.Managers\eFclass.Managers.csproj", "{97D45775-37A2-4BDA-A2B6-6DF0DE0A98F7}"
EndProject
Project("{FAE04EC0-301F-11D3-BF4B-00C04F79EFBC}") = "eFclass.Services", "eFclass.Services\eFclass.Services.csproj", "{5D7797B8-EEB5-4C83-916F-F381D483A7CA}"
EndProject
Project("{FAE04EC0-301F-11D3-BF4B-00C04F79EFBC}") = "eFclass.BookAPI", "eFclass.BookAPI\eFclass.BookAPI.csproj", "{9375D355-70ED-4A64-93AA-BF8FD895A905}"
EndProject
Project("{FAE04EC0-301F-11D3-BF4B-00C04F79EFBC}") = "eFclass.Models", "eFclass.Models\eFclass.Models.csproj", "{B7F3B1C3-C5D6-4A54-BBF2-80D61BFB0E06}"
EndProject
Global
	GlobalSection(SolutionConfigurationPlatforms) = preSolution
		Debug|Any CPU = Debug|Any CPU
		Release|Any CPU = Release|Any CPU
	EndGlobalSection
	GlobalSection(ProjectConfigurationPlatforms) = postSolution
		{C717A783-E92F-45E6-AAD6-ED5E0B99EABB}.Debug|Any CPU.ActiveCfg = Debug|Any CPU
		{C717A783-E92F-45E6-AAD6-ED5E0B99EABB}.Debug|Any CPU.Build.0 = Debug|Any CPU
		{C717A783-E92F-45E6-AAD6-ED5E0B99EABB}.Release|Any CPU.ActiveCfg = Release|Any CPU
		{C717A783-E92F-45E6-AAD6-ED5E0B99EABB}.Release|Any CPU.Build.0 = Release|Any CPU
		{97D45775-37A2-4BDA-A2B6-6DF0DE0A98F7}.Debug|Any CPU.ActiveCfg = Debug|Any CPU
		{97D45775-37A2-4BDA-A2B6-6DF0DE0A98F7}.Debug|Any CPU.Build.0 = Debug|Any CPU
		{97D45775-37A2-4BDA-A2B6-6DF0DE0A98F7}.Release|Any CPU.ActiveCfg = Release|Any CPU
		{97D45775-37A2-4BDA-A2B6-6DF0DE0A98F7}.Release|Any CPU.Build.0 = Release|Any CPU
		{5D7797B8-EEB5-4C83-916F-F381D483A7CA}.Debug|Any CPU.ActiveCfg = Debug|Any CPU
		{5D7797B8-EEB5-4C83-916F-F381D483A7CA}.Debug|Any CPU.Build.0 = Debug|Any CPU
		{5D7797B8-EEB5-4C83-916F-F381D483A7CA}.Release|Any CPU.ActiveCfg = Release|Any CPU
		{5D7797B8-EEB5-4C83-916F-F381D483A7CA}.Release|Any CPU.Build.0 = Release|Any CPU
		{9375D355-70ED-4A64-93AA-BF8FD895A905}.Debug|Any CPU.ActiveCfg = Debug|Any CPU
		{9375D355-70ED-4A64-93AA-BF8FD895A905}.Debug|Any CPU.Build.0 = Debug|Any CPU
		{9375D355-70ED-4A64-93AA-BF8FD895A905}.Release|Any CPU.ActiveCfg = Release|Any CPU
		{9375D355-70ED-4A64-93AA-BF8FD895A905}.Release|Any CPU.Build.0 = Release|Any CPU
		{B7F3B1C3-C5D6-4A54-BBF2-80D61BFB0E06}.Debug|Any CPU.ActiveCfg = Debug|Any CPU
		{B7F3B1C3-C5D6-4A54-BBF2-80D61BFB0E06}.Debug|Any CPU.Build.0 = Debug|Any CPU
		{B7F3B1C3-C5D6-4A54-BBF2-80D61BFB0E06}.Release|Any CPU.ActiveCfg = Release|Any CPU
		{B7F3B1C3-C5D6-4A54-BBF2-80D61BFB0E06}.Release|Any CPU.Build.0 = Release|Any CPU
	EndGlobalSection
	GlobalSection(SolutionProperties) = preSolution
		HideSolutionNode = FALSE
	EndGlobalSection
	GlobalSection(ExtensibilityGlobals) = postSolution
		SolutionGuid = {DAF70DA1-E015-4813-BE0D-B77EE0376BD7}
	EndGlobalSection
EndGlobal
