
Microsoft Visual Studio Solution File, Format Version 12.00
# Visual Studio Version 17
VisualStudioVersion = 17.13.35806.99 d17.13
MinimumVisualStudioVersion = 10.0.40219.1
Project("{FAE04EC0-301F-11D3-BF4B-00C04F79EFBC}") = "WebProject.DataAccess", "WebProject.DataAccess\WebProject.DataAccess.csproj", "{A47F5FF0-A05C-4EAA-9739-C46B94DBDA41}"
EndProject
Project("{FAE04EC0-301F-11D3-BF4B-00C04F79EFBC}") = "WebProject.Manager", "WebProject.Manager\WebProject.Manager.csproj", "{24FB478F-7CFE-4C9E-BD9B-17CE9A9AB321}"
EndProject
Global
	GlobalSection(SolutionConfigurationPlatforms) = preSolution
		Debug|Any CPU = Debug|Any CPU
		Release|Any CPU = Release|Any CPU
	EndGlobalSection
	GlobalSection(ProjectConfigurationPlatforms) = postSolution
		{A47F5FF0-A05C-4EAA-9739-C46B94DBDA41}.Debug|Any CPU.ActiveCfg = Debug|Any CPU
		{A47F5FF0-A05C-4EAA-9739-C46B94DBDA41}.Debug|Any CPU.Build.0 = Debug|Any CPU
		{A47F5FF0-A05C-4EAA-9739-C46B94DBDA41}.Release|Any CPU.ActiveCfg = Release|Any CPU
		{A47F5FF0-A05C-4EAA-9739-C46B94DBDA41}.Release|Any CPU.Build.0 = Release|Any CPU
		{24FB478F-7CFE-4C9E-BD9B-17CE9A9AB321}.Debug|Any CPU.ActiveCfg = Debug|Any CPU
		{24FB478F-7CFE-4C9E-BD9B-17CE9A9AB321}.Debug|Any CPU.Build.0 = Debug|Any CPU
		{24FB478F-7CFE-4C9E-BD9B-17CE9A9AB321}.Release|Any CPU.ActiveCfg = Release|Any CPU
		{24FB478F-7CFE-4C9E-BD9B-17CE9A9AB321}.Release|Any CPU.Build.0 = Release|Any CPU
	EndGlobalSection
	GlobalSection(SolutionProperties) = preSolution
		HideSolutionNode = FALSE
	EndGlobalSection
	GlobalSection(ExtensibilityGlobals) = postSolution
		SolutionGuid = {B9128A78-93CA-44F5-8200-A3D9EF72D223}
	EndGlobalSection
EndGlobal
