
Microsoft Visual Studio Solution File, Format Version 12.00
# Visual Studio Version 17
VisualStudioVersion = 17.13.35806.99 d17.13
MinimumVisualStudioVersion = 10.0.40219.1
Project("{FAE04EC0-301F-11D3-BF4B-00C04F79EFBC}") = "MicroSoftOfficeAuth", "MicroSoftOfficeAuth\MicroSoftOfficeAuth.csproj", "{61069B18-3F1F-45EC-8097-C54BDA6647FB}"
EndProject
Global
	GlobalSection(SolutionConfigurationPlatforms) = preSolution
		Debug|Any CPU = Debug|Any CPU
		Release|Any CPU = Release|Any CPU
	EndGlobalSection
	GlobalSection(ProjectConfigurationPlatforms) = postSolution
		{61069B18-3F1F-45EC-8097-C54BDA6647FB}.Debug|Any CPU.ActiveCfg = Debug|Any CPU
		{61069B18-3F1F-45EC-8097-C54BDA6647FB}.Debug|Any CPU.Build.0 = Debug|Any CPU
		{61069B18-3F1F-45EC-8097-C54BDA6647FB}.Release|Any CPU.ActiveCfg = Release|Any CPU
		{61069B18-3F1F-45EC-8097-C54BDA6647FB}.Release|Any CPU.Build.0 = Release|Any CPU
	EndGlobalSection
	GlobalSection(SolutionProperties) = preSolution
		HideSolutionNode = FALSE
	EndGlobalSection
	GlobalSection(ExtensibilityGlobals) = postSolution
		SolutionGuid = {07275370-70B6-4E0E-A38B-1E76BCA3E64C}
	EndGlobalSection
EndGlobal
