
Microsoft Visual Studio Solution File, Format Version 12.00
# Visual Studio Version 17
VisualStudioVersion = 17.11.35312.102
MinimumVisualStudioVersion = 10.0.40219.1
Project("{FAE04EC0-301F-11D3-BF4B-00C04F79EFBC}") = "calculator", "calculator\calculator.csproj", "{E07E783B-65A4-4CFD-B4DC-42819DA973DE}"
EndProject
Global
	GlobalSection(SolutionConfigurationPlatforms) = preSolution
		Debug|Any CPU = Debug|Any CPU
		Release|Any CPU = Release|Any CPU
	EndGlobalSection
	GlobalSection(ProjectConfigurationPlatforms) = postSolution
		{E07E783B-65A4-4CFD-B4DC-42819DA973DE}.Debug|Any CPU.ActiveCfg = Debug|Any CPU
		{E07E783B-65A4-4CFD-B4DC-42819DA973DE}.Debug|Any CPU.Build.0 = Debug|Any CPU
		{E07E783B-65A4-4CFD-B4DC-42819DA973DE}.Release|Any CPU.ActiveCfg = Release|Any CPU
		{E07E783B-65A4-4CFD-B4DC-42819DA973DE}.Release|Any CPU.Build.0 = Release|Any CPU
	EndGlobalSection
	GlobalSection(SolutionProperties) = preSolution
		HideSolutionNode = FALSE
	EndGlobalSection
	GlobalSection(ExtensibilityGlobals) = postSolution
		SolutionGuid = {21DEAA9C-92D7-4B1D-8B44-2A83F45E1D99}
	EndGlobalSection
EndGlobal
