
Microsoft Visual Studio Solution File, Format Version 12.00
# Visual Studio Version 17
VisualStudioVersion = 17.11.35327.3
MinimumVisualStudioVersion = 10.0.40219.1
Project("{FAE04EC0-301F-11D3-BF4B-00C04F79EFBC}") = "Exercise", "Exercise\Exercise.csproj", "{1F8356DC-9066-430C-8826-5DCF2B33D818}"
EndProject
Project("{FAE04EC0-301F-11D3-BF4B-00C04F79EFBC}") = "minimum", "minimum\minimum.csproj", "{3CB26FF4-6E10-4639-AA96-CD52F41705CF}"
EndProject
Project("{FAE04EC0-301F-11D3-BF4B-00C04F79EFBC}") = "DateTimeyear", "DateTimeyear\DateTimeyear.csproj", "{2983A6CE-648C-4BAA-8F2F-73439A74E68A}"
EndProject
Project("{FAE04EC0-301F-11D3-BF4B-00C04F79EFBC}") = "heloo", "heloo\heloo.csproj", "{FA4BB5E9-9110-44BD-8752-89C94749FDF6}"
EndProject
Project("{FAE04EC0-301F-11D3-BF4B-00C04F79EFBC}") = "ATMtransaction", "ATMtransaction\ATMtransaction.csproj", "{D33B41D5-6F04-4D4F-B804-F1F5C7F95C30}"
EndProject
Project("{FAE04EC0-301F-11D3-BF4B-00C04F79EFBC}") = "Ipaddress", "Ipaddress\Ipaddress.csproj", "{239755D5-5AB3-44DA-897A-A5C56DE94BE3}"
EndProject
Project("{FAE04EC0-301F-11D3-BF4B-00C04F79EFBC}") = "userauthentication", "userauthentication\userauthentication.csproj", "{2987DB78-41FB-4E92-B27D-50A39302D36A}"
EndProject
Project("{FAE04EC0-301F-11D3-BF4B-00C04F79EFBC}") = "PhoneBook", "PhoneBook\PhoneBook.csproj", "{4FA1436E-EC6F-4F27-8C86-E3FD990BBEF9}"
EndProject
Project("{FAE04EC0-301F-11D3-BF4B-00C04F79EFBC}") = "Marks", "Marks\Marks.csproj", "{CC696885-250E-487E-A69B-6FEBD4B49EC8}"
EndProject
Project("{FAE04EC0-301F-11D3-BF4B-00C04F79EFBC}") = "pascal", "pascal\pascal.csproj", "{B3FDD80E-58BC-45A7-B04E-5B4E330E91C7}"
EndProject
Project("{FAE04EC0-301F-11D3-BF4B-00C04F79EFBC}") = "Diamond", "Diamond\Diamond.csproj", "{F5728597-C849-4330-A417-42CAAD76BB34}"
EndProject
Project("{FAE04EC0-301F-11D3-BF4B-00C04F79EFBC}") = "Binary", "Binary\Binary.csproj", "{F4B23E51-54D7-46CA-90A7-E3C76B36B0CF}"
EndProject
Project("{FAE04EC0-301F-11D3-BF4B-00C04F79EFBC}") = "swap", "swap\swap.csproj", "{BCBA866D-B6A6-4455-A345-34DD46018341}"
EndProject
Project("{FAE04EC0-301F-11D3-BF4B-00C04F79EFBC}") = "smallmatrix", "smallmatrix\smallmatrix.csproj", "{2A429A55-7836-4EB9-8531-C9DEC9F43177}"
EndProject
Project("{FAE04EC0-301F-11D3-BF4B-00C04F79EFBC}") = "Day_name_swith", "Day_name_swith\Day_name_swith.csproj", "{04BA8ECD-3E20-46E7-81A9-068E8D48FB21}"
EndProject
Global
	GlobalSection(SolutionConfigurationPlatforms) = preSolution
		Debug|Any CPU = Debug|Any CPU
		Release|Any CPU = Release|Any CPU
	EndGlobalSection
	GlobalSection(ProjectConfigurationPlatforms) = postSolution
		{1F8356DC-9066-430C-8826-5DCF2B33D818}.Debug|Any CPU.ActiveCfg = Debug|Any CPU
		{1F8356DC-9066-430C-8826-5DCF2B33D818}.Debug|Any CPU.Build.0 = Debug|Any CPU
		{1F8356DC-9066-430C-8826-5DCF2B33D818}.Release|Any CPU.ActiveCfg = Release|Any CPU
		{1F8356DC-9066-430C-8826-5DCF2B33D818}.Release|Any CPU.Build.0 = Release|Any CPU
		{3CB26FF4-6E10-4639-AA96-CD52F41705CF}.Debug|Any CPU.ActiveCfg = Debug|Any CPU
		{3CB26FF4-6E10-4639-AA96-CD52F41705CF}.Debug|Any CPU.Build.0 = Debug|Any CPU
		{3CB26FF4-6E10-4639-AA96-CD52F41705CF}.Release|Any CPU.ActiveCfg = Release|Any CPU
		{3CB26FF4-6E10-4639-AA96-CD52F41705CF}.Release|Any CPU.Build.0 = Release|Any CPU
		{2983A6CE-648C-4BAA-8F2F-73439A74E68A}.Debug|Any CPU.ActiveCfg = Debug|Any CPU
		{2983A6CE-648C-4BAA-8F2F-73439A74E68A}.Debug|Any CPU.Build.0 = Debug|Any CPU
		{2983A6CE-648C-4BAA-8F2F-73439A74E68A}.Release|Any CPU.ActiveCfg = Release|Any CPU
		{2983A6CE-648C-4BAA-8F2F-73439A74E68A}.Release|Any CPU.Build.0 = Release|Any CPU
		{FA4BB5E9-9110-44BD-8752-89C94749FDF6}.Debug|Any CPU.ActiveCfg = Debug|Any CPU
		{FA4BB5E9-9110-44BD-8752-89C94749FDF6}.Debug|Any CPU.Build.0 = Debug|Any CPU
		{FA4BB5E9-9110-44BD-8752-89C94749FDF6}.Release|Any CPU.ActiveCfg = Release|Any CPU
		{FA4BB5E9-9110-44BD-8752-89C94749FDF6}.Release|Any CPU.Build.0 = Release|Any CPU
		{D33B41D5-6F04-4D4F-B804-F1F5C7F95C30}.Debug|Any CPU.ActiveCfg = Debug|Any CPU
		{D33B41D5-6F04-4D4F-B804-F1F5C7F95C30}.Debug|Any CPU.Build.0 = Debug|Any CPU
		{D33B41D5-6F04-4D4F-B804-F1F5C7F95C30}.Release|Any CPU.ActiveCfg = Release|Any CPU
		{D33B41D5-6F04-4D4F-B804-F1F5C7F95C30}.Release|Any CPU.Build.0 = Release|Any CPU
		{239755D5-5AB3-44DA-897A-A5C56DE94BE3}.Debug|Any CPU.ActiveCfg = Debug|Any CPU
		{239755D5-5AB3-44DA-897A-A5C56DE94BE3}.Debug|Any CPU.Build.0 = Debug|Any CPU
		{239755D5-5AB3-44DA-897A-A5C56DE94BE3}.Release|Any CPU.ActiveCfg = Release|Any CPU
		{239755D5-5AB3-44DA-897A-A5C56DE94BE3}.Release|Any CPU.Build.0 = Release|Any CPU
		{2987DB78-41FB-4E92-B27D-50A39302D36A}.Debug|Any CPU.ActiveCfg = Debug|Any CPU
		{2987DB78-41FB-4E92-B27D-50A39302D36A}.Debug|Any CPU.Build.0 = Debug|Any CPU
		{2987DB78-41FB-4E92-B27D-50A39302D36A}.Release|Any CPU.ActiveCfg = Release|Any CPU
		{2987DB78-41FB-4E92-B27D-50A39302D36A}.Release|Any CPU.Build.0 = Release|Any CPU
		{4FA1436E-EC6F-4F27-8C86-E3FD990BBEF9}.Debug|Any CPU.ActiveCfg = Debug|Any CPU
		{4FA1436E-EC6F-4F27-8C86-E3FD990BBEF9}.Debug|Any CPU.Build.0 = Debug|Any CPU
		{4FA1436E-EC6F-4F27-8C86-E3FD990BBEF9}.Release|Any CPU.ActiveCfg = Release|Any CPU
		{4FA1436E-EC6F-4F27-8C86-E3FD990BBEF9}.Release|Any CPU.Build.0 = Release|Any CPU
		{CC696885-250E-487E-A69B-6FEBD4B49EC8}.Debug|Any CPU.ActiveCfg = Debug|Any CPU
		{CC696885-250E-487E-A69B-6FEBD4B49EC8}.Debug|Any CPU.Build.0 = Debug|Any CPU
		{CC696885-250E-487E-A69B-6FEBD4B49EC8}.Release|Any CPU.ActiveCfg = Release|Any CPU
		{CC696885-250E-487E-A69B-6FEBD4B49EC8}.Release|Any CPU.Build.0 = Release|Any CPU
		{B3FDD80E-58BC-45A7-B04E-5B4E330E91C7}.Debug|Any CPU.ActiveCfg = Debug|Any CPU
		{B3FDD80E-58BC-45A7-B04E-5B4E330E91C7}.Debug|Any CPU.Build.0 = Debug|Any CPU
		{B3FDD80E-58BC-45A7-B04E-5B4E330E91C7}.Release|Any CPU.ActiveCfg = Release|Any CPU
		{B3FDD80E-58BC-45A7-B04E-5B4E330E91C7}.Release|Any CPU.Build.0 = Release|Any CPU
		{F5728597-C849-4330-A417-42CAAD76BB34}.Debug|Any CPU.ActiveCfg = Debug|Any CPU
		{F5728597-C849-4330-A417-42CAAD76BB34}.Debug|Any CPU.Build.0 = Debug|Any CPU
		{F5728597-C849-4330-A417-42CAAD76BB34}.Release|Any CPU.ActiveCfg = Release|Any CPU
		{F5728597-C849-4330-A417-42CAAD76BB34}.Release|Any CPU.Build.0 = Release|Any CPU
		{F4B23E51-54D7-46CA-90A7-E3C76B36B0CF}.Debug|Any CPU.ActiveCfg = Debug|Any CPU
		{F4B23E51-54D7-46CA-90A7-E3C76B36B0CF}.Debug|Any CPU.Build.0 = Debug|Any CPU
		{F4B23E51-54D7-46CA-90A7-E3C76B36B0CF}.Release|Any CPU.ActiveCfg = Release|Any CPU
		{F4B23E51-54D7-46CA-90A7-E3C76B36B0CF}.Release|Any CPU.Build.0 = Release|Any CPU
		{BCBA866D-B6A6-4455-A345-34DD46018341}.Debug|Any CPU.ActiveCfg = Debug|Any CPU
		{BCBA866D-B6A6-4455-A345-34DD46018341}.Debug|Any CPU.Build.0 = Debug|Any CPU
		{BCBA866D-B6A6-4455-A345-34DD46018341}.Release|Any CPU.ActiveCfg = Release|Any CPU
		{BCBA866D-B6A6-4455-A345-34DD46018341}.Release|Any CPU.Build.0 = Release|Any CPU
		{2A429A55-7836-4EB9-8531-C9DEC9F43177}.Debug|Any CPU.ActiveCfg = Debug|Any CPU
		{2A429A55-7836-4EB9-8531-C9DEC9F43177}.Debug|Any CPU.Build.0 = Debug|Any CPU
		{2A429A55-7836-4EB9-8531-C9DEC9F43177}.Release|Any CPU.ActiveCfg = Release|Any CPU
		{2A429A55-7836-4EB9-8531-C9DEC9F43177}.Release|Any CPU.Build.0 = Release|Any CPU
		{04BA8ECD-3E20-46E7-81A9-068E8D48FB21}.Debug|Any CPU.ActiveCfg = Debug|Any CPU
		{04BA8ECD-3E20-46E7-81A9-068E8D48FB21}.Debug|Any CPU.Build.0 = Debug|Any CPU
		{04BA8ECD-3E20-46E7-81A9-068E8D48FB21}.Release|Any CPU.ActiveCfg = Release|Any CPU
		{04BA8ECD-3E20-46E7-81A9-068E8D48FB21}.Release|Any CPU.Build.0 = Release|Any CPU
	EndGlobalSection
	GlobalSection(SolutionProperties) = preSolution
		HideSolutionNode = FALSE
	EndGlobalSection
	GlobalSection(ExtensibilityGlobals) = postSolution
		SolutionGuid = {2C20C27C-5F1F-43E5-A462-3330B9136A21}
	EndGlobalSection
EndGlobal
