
Microsoft Visual Studio Solution File, Format Version 12.00
# Visual Studio Version 17
VisualStudioVersion = 17.11.35431.28
MinimumVisualStudioVersion = 10.0.40219.1
Project("{FAE04EC0-301F-11D3-BF4B-00C04F79EFBC}") = "DataAccess", "DataAccess\DataAccess.csproj", "{CCE7AE89-86B0-48A7-907C-BEF4C8D583CA}"
EndProject
Project("{FAE04EC0-301F-11D3-BF4B-00C04F79EFBC}") = "Manager_layer", "Manager_layer\Manager_layer.csproj", "{238BADD4-E934-4FB9-ACEE-74E44C26793C}"
EndProject
Project("{FAE04EC0-301F-11D3-BF4B-00C04F79EFBC}") = "Service_layer", "Service_layer\Service_layer.csproj", "{9EE3C5BE-E5AD-4BB2-865B-CCC386AECBC5}"
EndProject
Project("{FAE04EC0-301F-11D3-BF4B-00C04F79EFBC}") = "Mvc_controller", "Mvc_controller\Mvc_controller.csproj", "{B11B7B71-3EC5-48E0-8963-9536D8DD175D}"
EndProject
Global
	GlobalSection(SolutionConfigurationPlatforms) = preSolution
		Debug|Any CPU = Debug|Any CPU
		Release|Any CPU = Release|Any CPU
	EndGlobalSection
	GlobalSection(ProjectConfigurationPlatforms) = postSolution
		{CCE7AE89-86B0-48A7-907C-BEF4C8D583CA}.Debug|Any CPU.ActiveCfg = Debug|Any CPU
		{CCE7AE89-86B0-48A7-907C-BEF4C8D583CA}.Debug|Any CPU.Build.0 = Debug|Any CPU
		{CCE7AE89-86B0-48A7-907C-BEF4C8D583CA}.Release|Any CPU.ActiveCfg = Release|Any CPU
		{CCE7AE89-86B0-48A7-907C-BEF4C8D583CA}.Release|Any CPU.Build.0 = Release|Any CPU
		{238BADD4-E934-4FB9-ACEE-74E44C26793C}.Debug|Any CPU.ActiveCfg = Debug|Any CPU
		{238BADD4-E934-4FB9-ACEE-74E44C26793C}.Debug|Any CPU.Build.0 = Debug|Any CPU
		{238BADD4-E934-4FB9-ACEE-74E44C26793C}.Release|Any CPU.ActiveCfg = Release|Any CPU
		{238BADD4-E934-4FB9-ACEE-74E44C26793C}.Release|Any CPU.Build.0 = Release|Any CPU
		{9EE3C5BE-E5AD-4BB2-865B-CCC386AECBC5}.Debug|Any CPU.ActiveCfg = Debug|Any CPU
		{9EE3C5BE-E5AD-4BB2-865B-CCC386AECBC5}.Debug|Any CPU.Build.0 = Debug|Any CPU
		{9EE3C5BE-E5AD-4BB2-865B-CCC386AECBC5}.Release|Any CPU.ActiveCfg = Release|Any CPU
		{9EE3C5BE-E5AD-4BB2-865B-CCC386AECBC5}.Release|Any CPU.Build.0 = Release|Any CPU
		{B11B7B71-3EC5-48E0-8963-9536D8DD175D}.Debug|Any CPU.ActiveCfg = Debug|Any CPU
		{B11B7B71-3EC5-48E0-8963-9536D8DD175D}.Debug|Any CPU.Build.0 = Debug|Any CPU
		{B11B7B71-3EC5-48E0-8963-9536D8DD175D}.Release|Any CPU.ActiveCfg = Release|Any CPU
		{B11B7B71-3EC5-48E0-8963-9536D8DD175D}.Release|Any CPU.Build.0 = Release|Any CPU
	EndGlobalSection
	GlobalSection(SolutionProperties) = preSolution
		HideSolutionNode = FALSE
	EndGlobalSection
	GlobalSection(ExtensibilityGlobals) = postSolution
		SolutionGuid = {32963A61-68E1-48C6-BE87-1D723C8E5B7E}
	EndGlobalSection
EndGlobal
