
Microsoft Visual Studio Solution File, Format Version 12.00
# Visual Studio Version 17
VisualStudioVersion = 17.11.35431.28
MinimumVisualStudioVersion = 10.0.40219.1
Project("{FAE04EC0-301F-11D3-BF4B-00C04F79EFBC}") = "APIwithEFcore", "APIwithEFcore\APIwithEFcore.csproj", "{FF82E1CB-A109-41ED-AACD-B4EA27CAE802}"
EndProject
Global
	GlobalSection(SolutionConfigurationPlatforms) = preSolution
		Debug|Any CPU = Debug|Any CPU
		Release|Any CPU = Release|Any CPU
	EndGlobalSection
	GlobalSection(ProjectConfigurationPlatforms) = postSolution
		{FF82E1CB-A109-41ED-AACD-B4EA27CAE802}.Debug|Any CPU.ActiveCfg = Debug|Any CPU
		{FF82E1CB-A109-41ED-AACD-B4EA27CAE802}.Debug|Any CPU.Build.0 = Debug|Any CPU
		{FF82E1CB-A109-41ED-AACD-B4EA27CAE802}.Release|Any CPU.ActiveCfg = Release|Any CPU
		{FF82E1CB-A109-41ED-AACD-B4EA27CAE802}.Release|Any CPU.Build.0 = Release|Any CPU
	EndGlobalSection
	GlobalSection(SolutionProperties) = preSolution
		HideSolutionNode = FALSE
	EndGlobalSection
	GlobalSection(ExtensibilityGlobals) = postSolution
		SolutionGuid = {98EA5AF9-E6BD-457D-B644-D793139FFA04}
	EndGlobalSection
EndGlobal
