
Microsoft Visual Studio Solution File, Format Version 12.00
# Visual Studio Version 17
VisualStudioVersion = 17.11.35431.28
MinimumVisualStudioVersion = 10.0.40219.1
Project("{FAE04EC0-301F-11D3-BF4B-00C04F79EFBC}") = "Threading", "Threading\Threading.csproj", "{0C94C2B5-B3CF-40B2-91C1-005BDC3F6FBA}"
EndProject
Project("{FAE04EC0-301F-11D3-BF4B-00C04F79EFBC}") = "lockexample", "lockexample\lockexample.csproj", "{058AE42B-CFCF-45C5-B4FB-D9B70DEE798A}"
EndProject
Project("{FAE04EC0-301F-11D3-BF4B-00C04F79EFBC}") = "Parameterthread", "Parameterthread\Parameterthread.csproj", "{38EF6438-4E47-4130-BB10-C32876DF4B73}"
EndProject
Project("{FAE04EC0-301F-11D3-BF4B-00C04F79EFBC}") = "checkingthebest", "checkingthebest\checkingthebest.csproj", "{C0357BA7-6965-4E20-95FF-C7CE0A96C22B}"
EndProject
Project("{FAE04EC0-301F-11D3-BF4B-00C04F79EFBC}") = "prioritythred", "prioritythred\prioritythred.csproj", "{0DAEC20B-A556-425B-81AE-D18B8C13D077}"
EndProject
Global
	GlobalSection(SolutionConfigurationPlatforms) = preSolution
		Debug|Any CPU = Debug|Any CPU
		Release|Any CPU = Release|Any CPU
	EndGlobalSection
	GlobalSection(ProjectConfigurationPlatforms) = postSolution
		{0C94C2B5-B3CF-40B2-91C1-005BDC3F6FBA}.Debug|Any CPU.ActiveCfg = Debug|Any CPU
		{0C94C2B5-B3CF-40B2-91C1-005BDC3F6FBA}.Debug|Any CPU.Build.0 = Debug|Any CPU
		{0C94C2B5-B3CF-40B2-91C1-005BDC3F6FBA}.Release|Any CPU.ActiveCfg = Release|Any CPU
		{0C94C2B5-B3CF-40B2-91C1-005BDC3F6FBA}.Release|Any CPU.Build.0 = Release|Any CPU
		{058AE42B-CFCF-45C5-B4FB-D9B70DEE798A}.Debug|Any CPU.ActiveCfg = Debug|Any CPU
		{058AE42B-CFCF-45C5-B4FB-D9B70DEE798A}.Debug|Any CPU.Build.0 = Debug|Any CPU
		{058AE42B-CFCF-45C5-B4FB-D9B70DEE798A}.Release|Any CPU.ActiveCfg = Release|Any CPU
		{058AE42B-CFCF-45C5-B4FB-D9B70DEE798A}.Release|Any CPU.Build.0 = Release|Any CPU
		{38EF6438-4E47-4130-BB10-C32876DF4B73}.Debug|Any CPU.ActiveCfg = Debug|Any CPU
		{38EF6438-4E47-4130-BB10-C32876DF4B73}.Debug|Any CPU.Build.0 = Debug|Any CPU
		{38EF6438-4E47-4130-BB10-C32876DF4B73}.Release|Any CPU.ActiveCfg = Release|Any CPU
		{38EF6438-4E47-4130-BB10-C32876DF4B73}.Release|Any CPU.Build.0 = Release|Any CPU
		{C0357BA7-6965-4E20-95FF-C7CE0A96C22B}.Debug|Any CPU.ActiveCfg = Debug|Any CPU
		{C0357BA7-6965-4E20-95FF-C7CE0A96C22B}.Debug|Any CPU.Build.0 = Debug|Any CPU
		{C0357BA7-6965-4E20-95FF-C7CE0A96C22B}.Release|Any CPU.ActiveCfg = Release|Any CPU
		{C0357BA7-6965-4E20-95FF-C7CE0A96C22B}.Release|Any CPU.Build.0 = Release|Any CPU
		{0DAEC20B-A556-425B-81AE-D18B8C13D077}.Debug|Any CPU.ActiveCfg = Debug|Any CPU
		{0DAEC20B-A556-425B-81AE-D18B8C13D077}.Debug|Any CPU.Build.0 = Debug|Any CPU
		{0DAEC20B-A556-425B-81AE-D18B8C13D077}.Release|Any CPU.ActiveCfg = Release|Any CPU
		{0DAEC20B-A556-425B-81AE-D18B8C13D077}.Release|Any CPU.Build.0 = Release|Any CPU
	EndGlobalSection
	GlobalSection(SolutionProperties) = preSolution
		HideSolutionNode = FALSE
	EndGlobalSection
	GlobalSection(ExtensibilityGlobals) = postSolution
		SolutionGuid = {6148C3FC-5A59-4774-B228-2BC6450BB968}
	EndGlobalSection
EndGlobal
